
Microsoft Visual Studio Solution File, Format Version 12.00
# Visual Studio 15
VisualStudioVersion = 15.0.27205.2004
MinimumVisualStudioVersion = 10.0.40219.1
Project("{9A19103F-16F7-4668-BE54-9A1E7A4F7556}") = "AndrewKatas", "AndrewKatas\AndrewKatas.csproj", "{996B1798-7AAB-4906-BF52-F77E307C59EF}"
EndProject
Project("{9A19103F-16F7-4668-BE54-9A1E7A4F7556}") = "InterviewQuestions", "InterviewQuestions\InterviewQuestions.csproj", "{B466BA7D-F42C-413A-82F4-9D20EB89880E}"
EndProject
Project("{9A19103F-16F7-4668-BE54-9A1E7A4F7556}") = "KeithKatas", "KeithKatas\KeithKatas.csproj", "{EE332AC9-2D13-4BE9-B138-A272BF17552A}"
EndProject
Project("{9A19103F-16F7-4668-BE54-9A1E7A4F7556}") = "AndrewKatas.Tests", "AndrewKatas.Tests\AndrewKatas.Tests.csproj", "{F6F2FB4B-30D5-44ED-83D9-D31AB4B189D0}"
EndProject
Project("{9A19103F-16F7-4668-BE54-9A1E7A4F7556}") = "InterviewQuestsions.Tests", "InterviewQuestsions.Tests\InterviewQuestsions.Tests.csproj", "{7FD48EC6-421B-4EC6-A6C4-899F973F29F8}"
EndProject
Project("{9A19103F-16F7-4668-BE54-9A1E7A4F7556}") = "KeithKatas.Tests", "KeithKatas.Tests\KeithKatas.Tests.csproj", "{FF4CE3DC-26DB-4C61-B1F7-07963DC1C1BA}"
EndProject
Global
	GlobalSection(SolutionConfigurationPlatforms) = preSolution
		Debug|Any CPU = Debug|Any CPU
		Release|Any CPU = Release|Any CPU
	EndGlobalSection
	GlobalSection(ProjectConfigurationPlatforms) = postSolution
		{996B1798-7AAB-4906-BF52-F77E307C59EF}.Debug|Any CPU.ActiveCfg = Debug|Any CPU
		{996B1798-7AAB-4906-BF52-F77E307C59EF}.Debug|Any CPU.Build.0 = Debug|Any CPU
		{996B1798-7AAB-4906-BF52-F77E307C59EF}.Release|Any CPU.ActiveCfg = Release|Any CPU
		{996B1798-7AAB-4906-BF52-F77E307C59EF}.Release|Any CPU.Build.0 = Release|Any CPU
		{B466BA7D-F42C-413A-82F4-9D20EB89880E}.Debug|Any CPU.ActiveCfg = Debug|Any CPU
		{B466BA7D-F42C-413A-82F4-9D20EB89880E}.Debug|Any CPU.Build.0 = Debug|Any CPU
		{B466BA7D-F42C-413A-82F4-9D20EB89880E}.Release|Any CPU.ActiveCfg = Release|Any CPU
		{B466BA7D-F42C-413A-82F4-9D20EB89880E}.Release|Any CPU.Build.0 = Release|Any CPU
		{EE332AC9-2D13-4BE9-B138-A272BF17552A}.Debug|Any CPU.ActiveCfg = Debug|Any CPU
		{EE332AC9-2D13-4BE9-B138-A272BF17552A}.Debug|Any CPU.Build.0 = Debug|Any CPU
		{EE332AC9-2D13-4BE9-B138-A272BF17552A}.Release|Any CPU.ActiveCfg = Release|Any CPU
		{EE332AC9-2D13-4BE9-B138-A272BF17552A}.Release|Any CPU.Build.0 = Release|Any CPU
		{F6F2FB4B-30D5-44ED-83D9-D31AB4B189D0}.Debug|Any CPU.ActiveCfg = Debug|Any CPU
		{F6F2FB4B-30D5-44ED-83D9-D31AB4B189D0}.Debug|Any CPU.Build.0 = Debug|Any CPU
		{F6F2FB4B-30D5-44ED-83D9-D31AB4B189D0}.Release|Any CPU.ActiveCfg = Release|Any CPU
		{F6F2FB4B-30D5-44ED-83D9-D31AB4B189D0}.Release|Any CPU.Build.0 = Release|Any CPU
		{7FD48EC6-421B-4EC6-A6C4-899F973F29F8}.Debug|Any CPU.ActiveCfg = Debug|Any CPU
		{7FD48EC6-421B-4EC6-A6C4-899F973F29F8}.Debug|Any CPU.Build.0 = Debug|Any CPU
		{7FD48EC6-421B-4EC6-A6C4-899F973F29F8}.Release|Any CPU.ActiveCfg = Release|Any CPU
		{7FD48EC6-421B-4EC6-A6C4-899F973F29F8}.Release|Any CPU.Build.0 = Release|Any CPU
		{FF4CE3DC-26DB-4C61-B1F7-07963DC1C1BA}.Debug|Any CPU.ActiveCfg = Debug|Any CPU
		{FF4CE3DC-26DB-4C61-B1F7-07963DC1C1BA}.Debug|Any CPU.Build.0 = Debug|Any CPU
		{FF4CE3DC-26DB-4C61-B1F7-07963DC1C1BA}.Release|Any CPU.ActiveCfg = Release|Any CPU
		{FF4CE3DC-26DB-4C61-B1F7-07963DC1C1BA}.Release|Any CPU.Build.0 = Release|Any CPU
	EndGlobalSection
	GlobalSection(SolutionProperties) = preSolution
		HideSolutionNode = FALSE
	EndGlobalSection
	GlobalSection(ExtensibilityGlobals) = postSolution
		SolutionGuid = {807A5F74-DA8C-4AEB-97C2-4E9D50575ED4}
	EndGlobalSection
EndGlobal
